charm.land/bubbles/v2 v2.1.0 h1:YSnNh5cPYlYjPxRrzs5VEn3vwhtEn3jVGRBT3M7/I0g=
charm.land/bubbles/v2 v2.1.0/go.mod h1:l97h4hym2hvWBVfmJDtrEHHCtkIKeTEb3TTJ4ZOB3wY=
charm.land/bubbletea/v2 v2.0.7 h1:7qw2tTAVar7m7klOPBYfTB0mniv/RuexsYwMRNxSeL0=
charm.land/bubbletea/v2 v2.0.7/go.mod h1:DGW2q8gvzHnOpMpZTORs0aySVHCox5C+2Svk0fci1qs=
charm.land/lipgloss/v2 v2.0.3 h1:yM2zJ4Cf5Y51b7RHIwioil4ApI/aypFXXVHSwlM6RzU=
charm.land/lipgloss/v2 v2.0.3/go.mod h1:7myLU9iG/3xluAWzpY/fSxYYHCgoKTie7laxk6ATwXA=
github.com/BurntSushi/toml v1.6.0 h1:dRaEfpa2VI55EwlIW72hMRHdWouJeRF7TPYhI+AUQjk=
github.com/BurntSushi/toml v1.6.0/go.mod h1:ukJfTF/6rtPPRCnwkur4qwRxa8vTRFBF0uk2lLoLwho=
github.com/MakeNowJust/heredoc v1.0.0 h1:cXCdzVdstXyiTqTvfqk9SDHpKNjxuom+DOlyEeQ4pzQ=
github.com/MakeNowJust/heredoc v1.0.0/go.mod h1:mG5amYoWBHf8vpLOuehzbGGw0EHxpZZ6lCpQ4fNJ8LE=
github.com/alecthomas/assert/v2 v2.11.0 h1:2Q9r3ki8+JYXvGsDyBXwH3LcJ+WK5D0gc5E8vS6K3D0=
github.com/alecthomas/assert/v2 v2.11.0/go.mod h1:Bze95FyfUr7x34QZrjL+XP+0qgp/zg8yS+TtBj1WA3k=
github.com/alecthomas/chroma/v2 v2.26.1 h1:2X21EdxGZNv5GF9mG5u+uzc02GCFyGxbcBm3Grd9A78=
github.com/alecthomas/chroma/v2 v2.26.1/go.mod h1:lxhRRa9H4hPmRLOOdYga4zkQIQjq3dtrrdwQeCfu78Y=
github.com/alecthomas/repr v0.5.2 h1:SU73FTI9D1P5UNtvseffFSGmdNci/O6RsqzeXJtP0Qs=
github.com/alecthomas/repr v0.5.2/go.mod h1:Fr0507jx4eOXV7AlPV6AVZLYrLIuIeSOWtW57eE/O/4=
github.com/atotto/clipboard v0.1.4 h1:EH0zSVneZPSuFR11BlR9YppQTVDbh5+16AmcJi4g1z4=
github.com/atotto/clipboard v0.1.4/go.mod h1:ZY9tmq7sm5xIbd9bOK4onWV4S6X0u6GY7Vn0Yu86PYI=
github.com/aymanbagabas/go-udiff v0.4.1 h1:OEIrQ8maEeDBXQDoGCbbTTXYJMYRCRO1fnodZ12Gv5o=
github.com/aymanbagabas/go-udiff v0.4.1/go.mod h1:0L9PGwj20lrtmEMeyw4WKJ/TMyDtvAoK9bf2u/mNo3w=
github.com/charmbracelet/colorprofile v0.4.3 h1:QPa1IWkYI+AOB+fE+mg/5/4HRMZcaXex9t5KX76i20Q=
github.com/charmbracelet/colorprofile v0.4.3/go.mod h1:/zT4BhpD5aGFpqQQqw7a+VtHCzu+zrQtt1zhMt9mR4Q=
github.com/charmbracelet/ultraviolet v0.0.0-20260601155805-6cf7526a1b3f h1:vKsPSlO4g4jKfJ9enESgNZ45BkbHngTIq3UxNOzic74=
github.com/charmbracelet/ultraviolet v0.0.0-20260601155805-6cf7526a1b3f/go.mod h1:hFpumms29Smx3LStRfku8vcCTBe1Kq8aCXtHUJa3mjY=
github.com/charmbracelet/x/ansi v0.11.7 h1:kzv1kJvjg2S3r9KHo8hDdHFQLEqn4RBCb39dAYC84jI=
github.com/charmbracelet/x/ansi v0.11.7/go.mod h1:9qGpnAVYz+8ACONkZBUWPtL7lulP9No6p1epAihUZwQ=
github.com/charmbracelet/x/exp/golden v0.0.0-20250806222409-83e3a29d542f h1:pk6gmGpCE7F3FcjaOEKYriCvpmIN4+6OS/RD0vm4uIA=
github.com/charmbracelet/x/exp/golden v0.0.0-20250806222409-83e3a29d542f/go.mod h1:IfZAMTHB6XkZSeXUqriemErjAWCCzT0LwjKFYCZyw0I=
github.com/charmbracelet/x/term v0.2.2 h1:xVRT/S2ZcKdhhOuSP4t5cLi5o+JxklsoEObBSgfgZRk=
github.com/charmbracelet/x/term v0.2.2/go.mod h1:kF8CY5RddLWrsgVwpw4kAa6TESp6EB5y3uxGLeCqzAI=
github.com/charmbracelet/x/termios v0.1.1 h1:o3Q2bT8eqzGnGPOYheoYS8eEleT5ZVNYNy8JawjaNZY=
github.com/charmbracelet/x/termios v0.1.1/go.mod h1:rB7fnv1TgOPOyyKRJ9o+AsTU/vK5WHJ2ivHeut/Pcwo=
github.com/charmbracelet/x/windows v0.2.2 h1:IofanmuvaxnKHuV04sC0eBy/smG6kIKrWG2/jYn2GuM=
github.com/charmbracelet/x/windows v0.2.2/go.mod h1:/8XtdKZzedat74NQFn0NGlGL4soHB0YQZrETF96h75k=
github.com/clipperhouse/displaywidth v0.11.0 h1:lBc6kY44VFw+TDx4I8opi/EtL9m20WSEFgwIwO+UVM8=
github.com/clipperhouse/displaywidth v0.11.0/go.mod h1:bkrFNkf81G8HyVqmKGxsPufD3JhNl3dSqnGhOoSD/o0=
github.com/clipperhouse/uax29/v2 v2.7.0 h1:+gs4oBZ2gPfVrKPthwbMzWZDaAFPGYK72F0NJv2v7Vk=
github.com/clipperhouse/uax29/v2 v2.7.0/go.mod h1:EFJ2TJMRUaplDxHKj1qAEhCtQPW2tJSwu5BF98AuoVM=
github.com/davecgh/go-spew v1.1.0/go.mod h1:J7Y8YcW2NihsgmVo/mv3lAwl/skON4iLHjSsI+c5H38=
github.com/davecgh/go-spew v1.1.1 h1:vj9j/u1bqnvCEfJOwUhtlOARqs3+rkHYY13jYWTU97c=
github.com/davecgh/go-spew v1.1.1/go.mod h1:J7Y8YcW2NihsgmVo/mv3lAwl/skON4iLHjSsI+c5H38=
github.com/dlclark/regexp2/v2 v2.1.1 h1:LCUGyd9Wf+r+VVOl8Ny38JTpWJcAsdVnCIuhhtthmKw=
github.com/dlclark/regexp2/v2 v2.1.1/go.mod h1:avUrQvPaLz2DrFNHJF0taWAFFX2C1GMSSoeiqFjcBmU=
github.com/dustin/go-humanize v1.0.1 h1:GzkhY7T5VNhEkwH0PVJgjz+fX1rhBrR7pRT3mDkpeCY=
github.com/dustin/go-humanize v1.0.1/go.mod h1:Mu1zIs6XwVuF/gI1OepvI0qD18qycQx+mFykh5fBlto=
github.com/google/pprof v0.0.0-20240409012703-83162a5b38cd h1:gbpYu9NMq8jhDVbvlGkMFWCjLFlqqEZjEmObmhUy6Vo=
github.com/google/pprof v0.0.0-20240409012703-83162a5b38cd/go.mod h1:kf6iHlnVGwgKolg33glAes7Yg/8iWP8ukqeldJSO7jw=
github.com/google/uuid v1.6.0 h1:NIvaJDMOsjHA8n1jAhLSgzrAzy1Hgr+hNrb57e+94F0=
github.com/google/uuid v1.6.0/go.mod h1:TIyPZe4MgqvfeYDBFedMoGGpEw/LqOeaOT+nhxU+yHo=
github.com/hashicorp/golang-lru/v2 v2.0.7 h1:a+bsQ5rvGLjzHuww6tVxozPZFVghXaHOwFs4luLUK2k=
github.com/hashicorp/golang-lru/v2 v2.0.7/go.mod h1:QeFd9opnmA6QUJc5vARoKUSoFhyfM2/ZepoAG6RGpeM=
github.com/hexops/gotextdiff v1.0.3 h1:gitA9+qJrrTCsiCl7+kh75nPqQt1cx4ZkudSTLoUqJM=
github.com/hexops/gotextdiff v1.0.3/go.mod h1:pSWU5MAI3yDq+fZBTazCSJysOMbxWL1BSow5/V2vxeg=
github.com/lucasb-eyer/go-colorful v1.4.0 h1:UtrWVfLdarDgc44HcS7pYloGHJUjHV/4FwW4TvVgFr4=
github.com/lucasb-eyer/go-colorful v1.4.0/go.mod h1:R4dSotOR9KMtayYi1e77YzuveK+i7ruzyGqttikkLy0=
github.com/mattn/go-isatty v0.0.20 h1:xfD0iDuEKnDkl03q4limB+vH+GxLEtL/jb4xVJSWWEY=
github.com/mattn/go-isatty v0.0.20/go.mod h1:W+V8PltTTMOvKvAeJH7IuucS94S2C6jfK/D7dTCTo3Y=
github.com/mattn/go-runewidth v0.0.24 h1:cpokDiIn0MGnhdHwuWnJBITySJ20QyNGnY2kR/ay2DU=
github.com/mattn/go-runewidth v0.0.24/go.mod h1:XBkDxAl56ILZc9knddidhrOlY5R/pDhgLpndooCuJAs=
github.com/muesli/cancelreader v0.2.2 h1:3I4Kt4BQjOR54NavqnDogx/MIoWBFa0StPA8ELUXHmA=
github.com/muesli/cancelreader v0.2.2/go.mod h1:3XuTXfFS2VjM+HTLZY9Ak0l6eUKfijIfMUZ4EgX0QYo=
github.com/ncruces/go-strftime v0.1.9 h1:bY0MQC28UADQmHmaF5dgpLmImcShSi2kHU9XLdhx/f4=
github.com/ncruces/go-strftime v0.1.9/go.mod h1:Fwc5htZGVVkseilnfgOVb9mKy6w1naJmn9CehxcKcls=
github.com/pmezard/go-difflib v1.0.0 h1:4DBwDE0NGyQoBHbLQYPwSUPoCMWR5BEzIk/f1lZbAQM=
github.com/pmezard/go-difflib v1.0.0/go.mod h1:iKH77koFhYxTK1pcRnkKkqfTogsbg7gZNVY4sRDYZ/4=
github.com/remyoudompheng/bigfft v0.0.0-20230129092748-24d4a6f8daec h1:W09IVJc94icq4NjY3clb7Lk8O1qJ8BdBEF8z0ibU0rE=
github.com/remyoudompheng/bigfft v0.0.0-20230129092748-24d4a6f8daec/go.mod h1:qqbHyh8v60DhA7CoWK5oRCqLrMHRGoxYCSS9EjAz6Eo=
github.com/rivo/uniseg v0.4.7 h1:WUdvkW8uEhrYfLC4ZzdpI2ztxP1I582+49Oc5Mq64VQ=
github.com/rivo/uniseg v0.4.7/go.mod h1:FN3SvrM+Zdj16jyLfmOkMNblXMcoc8DfTHruCPUcx88=
github.com/robfig/cron/v3 v3.0.1 h1:WdRxkvbJztn8LMz/QEvLN5sBU+xKpSqwwUO1Pjr4qDs=
github.com/robfig/cron/v3 v3.0.1/go.mod h1:eQICP3HwyT7UooqI/z+Ov+PtYAWygg1TEWWzGIFLtro=
github.com/sabhiram/go-gitignore v0.0.0-20210923224102-525f6e181f06 h1:OkMGxebDjyw0ULyrTYWeN0UNCCkmCWfjPnIA2W6oviI=
github.com/sabhiram/go-gitignore v0.0.0-20210923224102-525f6e181f06/go.mod h1:+ePHsJ1keEjQtpvf9HHw0f4ZeJ0TLRsxhunSI2hYJSs=
github.com/stretchr/objx v0.1.0/go.mod h1:HFkY916IF+rwdDfMAkV7OtwuqBVzrE8GR6GFx+wExME=
github.com/stretchr/testify v1.6.1/go.mod h1:6Fq8oRcR53rry900zMqJjRRixrwX3KX962/h/Wwjteg=
github.com/stretchr/testify v1.8.0 h1:pSgiaMZlXftHpm5L7V1+rVB+AZJydKsMxsQBIJw4PKk=
github.com/stretchr/testify v1.8.0/go.mod h1:yNjHg4UonilssWZ8iaSj1OCr/vHnekPRkoO+kdMU+MU=
github.com/xo/terminfo v0.0.0-20220910002029-abceb7e1c41e h1:JVG44RsyaB9T2KIHavMF/ppJZNG9ZpyihvCd0w101no=
github.com/xo/terminfo v0.0.0-20220910002029-abceb7e1c41e/go.mod h1:RbqR21r5mrJuqunuUZ/Dhy/avygyECGrLceyNeo4LiM=
github.com/yuin/goldmark v1.8.2 h1:kEGpgqJXdgbkhcOgBxkC0X0PmoPG1ZyoZ117rDVp4zE=
github.com/yuin/goldmark v1.8.2/go.mod h1:ip/1k0VRfGynBgxOz0yCqHrbZXhcjxyuS66Brc7iBKg=
go.uber.org/goleak v1.3.0 h1:2K3zAYmnTNqV73imy9J1T3WC+gmCePx2hEGkimedGto=
go.uber.org/goleak v1.3.0/go.mod h1:CoHD4mav9JJNrW/WLlf7HGZPjdw8EucARQHekz1X6bE=
golang.org/x/crypto v0.54.0 h1:YLIA59K4fiNzHzjnZt2tUJQjQtUWfWbeHBqKtk3eScw=
golang.org/x/crypto v0.54.0/go.mod h1:KWL8ny2AZdGR2cWmzeHrp2azQPGogOv+HeQaVEXC2dk=
golang.org/x/exp v0.0.0-20231108232855-2478ac86f678 h1:mchzmB1XO2pMaKFRqk/+MV3mgGG96aqaPXaMifQU47w=
golang.org/x/exp v0.0.0-20231108232855-2478ac86f678/go.mod h1:zk2irFbV9DP96SEBUUAy67IdHUaZuSnrz1n472HUCLE=
golang.org/x/image v0.44.0 h1:+tDekMZED9+LrtB3G5xzRggpVh9CARjZqROla3R3R+I=
golang.org/x/image v0.44.0/go.mod h1:V8K3KE9KKKE+pLpQDOeN18w9oacNSvy1tDOirTu4xtY=
golang.org/x/mod v0.37.0 h1:vF1DjpVEshcIqoEaauuHebaLk1O1forxjxBaVn884JQ=
golang.org/x/mod v0.37.0/go.mod h1:m8S8VeM9r4dzDwjrKO0a1sZP3YjeMamRRlD+fmR2Q/0=
golang.org/x/net v0.57.0 h1:K5+3DljvIuDG9/Jv9rvyMywYNFCQ9RSUY6OOTTkT+tE=
golang.org/x/net v0.57.0/go.mod h1:KpXc8iv+r3XplLAG/f7Jsf9RPszJzdR0f58q9vGOuEU=
golang.org/x/sync v0.22.0 h1:SZjpbeLmrCk4xhRSZFNZW5gFUeCeFgjekvI/+gfScek=
golang.org/x/sync v0.22.0/go.mod h1:9xrNwdLfx4jkKbNva9FpL6vEN7evnE43NNNJQ2LF3+0=
golang.org/x/sys v0.6.0/go.mod h1:oPkhp1MJrh7nUepCBck5+mAzfO9JrbApNNgaTdGDITg=
golang.org/x/sys v0.47.0 h1:o7XGOvZQCADBQQ4Y7VNq2dRWQR7JmOUW8Kxx4ZsNgWs=
golang.org/x/sys v0.47.0/go.mod h1:4GL1E5IUh+htKOUEOaiffhrAeqysfVGipDYzABqnCmw=
golang.org/x/term v0.45.0 h1:NwWyBmoJCbfTHpxrWoZ9C6/VxOf7ic219I8xZZFdrf0=
golang.org/x/term v0.45.0/go.mod h1:9aqxs0blBcrm/n0L9QW0aRVD+ktan8ssZromtqJC43w=
golang.org/x/text v0.40.0 h1:Ub2Z6/xjgF1WrYQz2nuITOEegKFtiIy+rieRJ5lHZKs=
golang.org/x/text v0.40.0/go.mod h1:hpnzDAfGV753zIKo+wk3u1bVKCGPbrnF7+7LBF/UHVY=
golang.org/x/tools v0.47.0 h1:7Kn5x/d1svx/PzryTsqeoZN4TZwqeH5pGWjefhLi/1Q=
golang.org/x/tools v0.47.0/go.mod h1:dFHnyTvFWY212G+h7ZY4Vsp/K3U4/7W9TyVaAul8uCA=
gopkg.in/check.v1 v0.0.0-20161208181325-20d25e280405/go.mod h1:Co6ibVJAznAaIkqp8huTwlJQCZ016jof/cbN4VW5Yz0=
gopkg.in/yaml.v3 v3.0.0-20200313102051-9f266ea9e77c/go.mod h1:K4uyk7z7BCEPqu6E+C64Yfv1cQ7kz7rIZviUmN+EgEM=
gopkg.in/yaml.v3 v3.0.1 h1:fxVm/GzAzEWqLHuvctI91KS9hhNmmWOoWu0XTYJS7CA=
gopkg.in/yaml.v3 v3.0.1/go.mod h1:K4uyk7z7BCEPqu6E+C64Yfv1cQ7kz7rIZviUmN+EgEM=
modernc.org/cc/v4 v4.21.4 h1:3Be/Rdo1fpr8GrQ7IVw9OHtplU4gWbb+wNgeoBMmGLQ=
modernc.org/cc/v4 v4.21.4/go.mod h1:HM7VJTZbUCR3rV8EYBi9wxnJ0ZBRiGE5OeGXNA0IsLQ=
modernc.org/ccgo/v4 v4.19.2 h1:lwQZgvboKD0jBwdaeVCTouxhxAyN6iawF3STraAal8Y=
modernc.org/ccgo/v4 v4.19.2/go.mod h1:ysS3mxiMV38XGRTTcgo0DQTeTmAO4oCmJl1nX9VFI3s=
modernc.org/fileutil v1.3.0 h1:gQ5SIzK3H9kdfai/5x41oQiKValumqNTDXMvKo62HvE=
modernc.org/fileutil v1.3.0/go.mod h1:XatxS8fZi3pS8/hKG2GH/ArUogfxjpEKs3Ku3aK4JyQ=
modernc.org/gc/v2 v2.4.1 h1:9cNzOqPyMJBvrUipmynX0ZohMhcxPtMccYgGOJdOiBw=
modernc.org/gc/v2 v2.4.1/go.mod h1:wzN5dK1AzVGoH6XOzc3YZ+ey/jPgYHLuVckd62P0GYU=
modernc.org/gc/v3 v3.0.0-20240107210532-573471604cb6 h1:5D53IMaUuA5InSeMu9eJtlQXS2NxAhyWQvkKEgXZhHI=
modernc.org/gc/v3 v3.0.0-20240107210532-573471604cb6/go.mod h1:Qz0X07sNOR1jWYCrJMEnbW/X55x206Q7Vt4mz6/wHp4=
modernc.org/libc v1.55.3 h1:AzcW1mhlPNrRtjS5sS+eW2ISCgSOLLNyFzRh/V3Qj/U=
modernc.org/libc v1.55.3/go.mod h1:qFXepLhz+JjFThQ4kzwzOjA/y/artDeg+pcYnY+Q83w=
modernc.org/mathutil v1.6.0 h1:fRe9+AmYlaej+64JsEEhoWuAYBkOtQiMEU7n/XgfYi4=
modernc.org/mathutil v1.6.0/go.mod h1:Ui5Q9q1TR2gFm0AQRqQUaBWFLAhQpCwNcuhBOSedWPo=
modernc.org/memory v1.8.0 h1:IqGTL6eFMaDZZhEWwcREgeMXYwmW83LYW8cROZYkg+E=
modernc.org/memory v1.8.0/go.mod h1:XPZ936zp5OMKGWPqbD3JShgd/ZoQ7899TUuQqxY+peU=
modernc.org/opt v0.1.3 h1:3XOZf2yznlhC+ibLltsDGzABUGVx8J6pnFMS3E4dcq4=
modernc.org/opt v0.1.3/go.mod h1:WdSiB5evDcignE70guQKxYUl14mgWtbClRi5wmkkTX0=
modernc.org/sortutil v1.2.0 h1:jQiD3PfS2REGJNzNCMMaLSp/wdMNieTbKX920Cqdgqc=
modernc.org/sortutil v1.2.0/go.mod h1:TKU2s7kJMf1AE84OoiGppNHJwvB753OYfNl2WRb++Ss=
modernc.org/sqlite v1.34.1 h1:u3Yi6M0N8t9yKRDwhXcyp1eS5/ErhPTBggxWFuR6Hfk=
modernc.org/sqlite v1.34.1/go.mod h1:pXV2xHxhzXZsgT/RtTFAPY6JJDEvOTcTdwADQCCWD4k=
modernc.org/strutil v1.2.0 h1:agBi9dp1I+eOnxXeiZawM8F4LawKv4NzGWSaLfyeNZA=
modernc.org/strutil v1.2.0/go.mod h1:/mdcBmfOibveCTBxUl5B5l6W+TTH1FXPLHZE6bTosX0=
modernc.org/token v1.1.0 h1:Xl7Ap9dKaEs5kLoOQeQmPWevfnk/DM5qcLcYlA8ys6Y=
modernc.org/token v1.1.0/go.mod h1:UGzOrNV1mAFSEB63lOFHIpNRUVMvYTc6yu1SMY/XTDM=
